
Microsoft Visual Studio Solution File, Format Version 12.00
# Visual Studio Version 16
VisualStudioVersion = 16.0.31624.102
MinimumVisualStudioVersion = 10.0.40219.1
Project("{FAE04EC0-301F-11D3-BF4B-00C04F79EFBC}") = "LoopsExercise1", "LoopsExercise1\LoopsExercise1.csproj", "{9DB0A80F-1DF5-4988-BBE8-21F34EB76354}"
EndProject
Global
	GlobalSection(SolutionConfigurationPlatforms) = preSolution
		Debug|Any CPU = Debug|Any CPU
		Release|Any CPU = Release|Any CPU
	EndGlobalSection
	GlobalSection(ProjectConfigurationPlatforms) = postSolution
		{9DB0A80F-1DF5-4988-BBE8-21F34EB76354}.Debug|Any CPU.ActiveCfg = Debug|Any CPU
		{9DB0A80F-1DF5-4988-BBE8-21F34EB76354}.Debug|Any CPU.Build.0 = Debug|Any CPU
		{9DB0A80F-1DF5-4988-BBE8-21F34EB76354}.Release|Any CPU.ActiveCfg = Release|Any CPU
		{9DB0A80F-1DF5-4988-BBE8-21F34EB76354}.Release|Any CPU.Build.0 = Release|Any CPU
	EndGlobalSection
	GlobalSection(SolutionProperties) = preSolution
		HideSolutionNode = FALSE
	EndGlobalSection
	GlobalSection(ExtensibilityGlobals) = postSolution
		SolutionGuid = {4EF61D61-D49E-4180-902E-F322FFB796FA}
	EndGlobalSection
EndGlobal
